
Microsoft Visual Studio Solution File, Format Version 12.00
# Visual Studio Version 16
VisualStudioVersion = 16.0.30104.148
MinimumVisualStudioVersion = 10.0.40219.1
Project("{FAE04EC0-301F-11D3-BF4B-00C04F79EFBC}") = "TableSort", "TableSort\TableSort.csproj", "{D9195A59-0198-477D-B608-21AA36BC8CA9}"
EndProject
Global
	GlobalSection(SolutionConfigurationPlatforms) = preSolution
		Debug|Any CPU = Debug|Any CPU
		Release|Any CPU = Release|Any CPU
	EndGlobalSection
	GlobalSection(ProjectConfigurationPlatforms) = postSolution
		{D9195A59-0198-477D-B608-21AA36BC8CA9}.Debug|Any CPU.ActiveCfg = Debug|Any CPU
		{D9195A59-0198-477D-B608-21AA36BC8CA9}.Debug|Any CPU.Build.0 = Debug|Any CPU
		{D9195A59-0198-477D-B608-21AA36BC8CA9}.Release|Any CPU.ActiveCfg = Release|Any CPU
		{D9195A59-0198-477D-B608-21AA36BC8CA9}.Release|Any CPU.Build.0 = Release|Any CPU
	EndGlobalSection
	GlobalSection(SolutionProperties) = preSolution
		HideSolutionNode = FALSE
	EndGlobalSection
	GlobalSection(ExtensibilityGlobals) = postSolution
		SolutionGuid = {B2F18C21-6C37-4CC4-9F0B-BF4333B40268}
	EndGlobalSection
EndGlobal
